<?xml version="1.0" encoding="UTF-8"?>
<Scheme
   version = "1.3">
   <BuildAction>
      <BuildActionEntries>
         <BuildActionEntry
            buildForRunning = "YES">
            <BuildableReference
               BuildableIdentifier = "primary"
               BlueprintIdentifier = "3AECE97922760D9700F9DEF0"
               BuildableName = "Oslo Pride.app"
               BlueprintName = "Oslo Pride"
               ReferencedContainer = "container:Oslo Pride.xcodeproj">
            </BuildableReference>
         </BuildActionEntry>
      </BuildActionEntries>
   </BuildAction>
   <LaunchAction
      useCustomWorkingDirectory = "NO"
      buildConfiguration = "Debug"
      allowLocationSimulation = "YES">
      <BuildableProductRunnable>
         <BuildableReference
            BuildableIdentifier = "primary"
            BlueprintIdentifier = "3AECE97922760D9700F9DEF0"
            BuildableName = "Oslo Pride.app"
            BlueprintName = "Oslo Pride"
            ReferencedContainer = "container:Oslo Pride.xcodeproj">
         </BuildableReference>
      </BuildableProductRunnable>
   </LaunchAction>
</Scheme>
